<?xml version="1.0" encoding="utf-8"?>
<Project ToolsVersion="4.0" xmlns="http://schemas.microsoft.com/developer/msbuild/2003">
  <ItemGroup>
    <Filter Include="Source Files">
      <UniqueIdentifier>{4FC737F1-C7A5-4376-A066-2A32D752A2FF}</UniqueIdentifier>
      <Extensions>cpp;c;cc;cxx;c++;cppm;ixx;def;odl;idl;hpj;bat;asm;asmx</Extensions>
    </Filter>
    <Filter Include="Header Files">
      <UniqueIdentifier>{93995380-89BD-4b04-88EB-625FBE52EBFB}</UniqueIdentifier>
      <Extensions>h;hh;hpp;hxx;h++;hm;inl;inc;ipp;xsd</Extensions>
    </Filter>
    <Filter Include="Resource Files">
      <UniqueIdentifier>{67DA6AB6-F800-4c08-8B7A-83BB121AAD01}</UniqueIdentifier>
      <Extensions>rc;ico;cur;bmp;dlg;rc2;rct;bin;rgs;gif;jpg;jpeg;jpe;resx;tiff;tif;png;wav;mfcribbon-ms</Extensions>
    </Filter>
    <Filter Include="Source Files\Raylib">
      <UniqueIdentifier>{31941622-bb40-42fc-b90a-439914e8251a}</UniqueIdentifier>
    </Filter>
    <Filter Include="Header Files\Raylib">
      <UniqueIdentifier>{7d57b3e4-5c75-4f09-99b6-7df899e077aa}</UniqueIdentifier>
    </Filter>
    <Filter Include="Header Files\abstractions">
      <UniqueIdentifier>{a5922ee2-42fc-4b25-b29c-ed1119501a32}</UniqueIdentifier>
    </Filter>
    <Filter Include="Header Files\unZip">
      <UniqueIdentifier>{ab43d506-248b-422b-a884-598dd15b893a}</UniqueIdentifier>
    </Filter>
    <Filter Include="Source Files\unZip">
      <UniqueIdentifier>{d62de93a-cbda-4c8a-a422-f2e1cdad2767}</UniqueIdentifier>
    </Filter>
  </ItemGroup>
  <ItemGroup>
    <ClCompile Include="main.cpp">
      <Filter>Source Files</Filter>
    </ClCompile>
    <ClCompile Include="RenderSystemRaylib.cpp">
      <Filter>Source Files\Raylib</Filter>
    </ClCompile>
    <ClCompile Include="AudioSystemRaylib.cpp">
      <Filter>Source Files\Raylib</Filter>
    </ClCompile>
    <ClCompile Include="InputSystemRaylib.cpp">
      <Filter>Source Files\Raylib</Filter>
    </ClCompile>
    <ClCompile Include="stdafx.cpp">
      <Filter>Source Files</Filter>
    </ClCompile>
    <ClCompile Include="ResourceSystemRaylib.cpp">
      <Filter>Source Files\Raylib</Filter>
    </ClCompile>
    <ClCompile Include="zipFile.cpp">
      <Filter>Source Files\unZip</Filter>
    </ClCompile>
  </ItemGroup>
  <ItemGroup>
    <ClInclude Include="RenderSystemRaylib.h">
      <Filter>Header Files\Raylib</Filter>
    </ClInclude>
    <ClInclude Include="AudioSystemRaylib.h">
      <Filter>Header Files\Raylib</Filter>
    </ClInclude>
    <ClInclude Include="InputSystemRaylib.h">
      <Filter>Header Files\Raylib</Filter>
    </ClInclude>
    <ClInclude Include="AudioSystem.h">
      <Filter>Header Files\abstractions</Filter>
    </ClInclude>
    <ClInclude Include="InputSystem.h">
      <Filter>Header Files\abstractions</Filter>
    </ClInclude>
    <ClInclude Include="RenderSystem.h">
      <Filter>Header Files\abstractions</Filter>
    </ClInclude>
    <ClInclude Include="ResourceSystem.h">
      <Filter>Header Files\abstractions</Filter>
    </ClInclude>
    <ClInclude Include="subsystem.h">
      <Filter>Header Files\abstractions</Filter>
    </ClInclude>
    <ClInclude Include="stdafx.h">
      <Filter>Header Files</Filter>
    </ClInclude>
    <ClInclude Include="file.h">
      <Filter>Header Files\abstractions</Filter>
    </ClInclude>
    <ClInclude Include="ResourceSystemRaylib.h">
      <Filter>Header Files\Raylib</Filter>
    </ClInclude>
    <ClInclude Include="zipFile.h">
      <Filter>Header Files\unZip</Filter>
    </ClInclude>
    <ClInclude Include="BaseComponent.h">
      <Filter>Header Files\abstractions</Filter>
    </ClInclude>
    <ClInclude Include="NuggetApplicazione.h">
      <Filter>Header Files</Filter>
    </ClInclude>
    <ClInclude Include="nugget.h">
      <Filter>Header Files</Filter>
    </ClInclude>
    <ClInclude Include="BaseGameObject.h">
      <Filter>Header Files\abstractions</Filter>
    </ClInclude>
    <ClInclude Include="Components.h">
      <Filter>Header Files</Filter>
    </ClInclude>
  </ItemGroup>
</Project>